
Microsoft Visual Studio Solution File, Format Version 12.00
# Visual Studio Version 16
VisualStudioVersion = 16.0.31624.102
MinimumVisualStudioVersion = 10.0.40219.1
Project("{FAE04EC0-301F-11D3-BF4B-00C04F79EFBC}") = "IndivTask1", "IndivTask1\IndivTask1.csproj", "{69ABB114-596E-460E-8B12-79AE301C25AE}"
EndProject
Project("{FAE04EC0-301F-11D3-BF4B-00C04F79EFBC}") = "IndivTask1Test", "IndivTask1Test\IndivTask1Test.csproj", "{6A6D0611-3C82-4826-9320-88C10A70992E}"
EndProject
Global
	GlobalSection(SolutionConfigurationPlatforms) = preSolution
		Debug|Any CPU = Debug|Any CPU
		Release|Any CPU = Release|Any CPU
	EndGlobalSection
	GlobalSection(ProjectConfigurationPlatforms) = postSolution
		{69ABB114-596E-460E-8B12-79AE301C25AE}.Debug|Any CPU.ActiveCfg = Debug|Any CPU
		{69ABB114-596E-460E-8B12-79AE301C25AE}.Debug|Any CPU.Build.0 = Debug|Any CPU
		{69ABB114-596E-460E-8B12-79AE301C25AE}.Release|Any CPU.ActiveCfg = Release|Any CPU
		{69ABB114-596E-460E-8B12-79AE301C25AE}.Release|Any CPU.Build.0 = Release|Any CPU
		{6A6D0611-3C82-4826-9320-88C10A70992E}.Debug|Any CPU.ActiveCfg = Debug|Any CPU
		{6A6D0611-3C82-4826-9320-88C10A70992E}.Debug|Any CPU.Build.0 = Debug|Any CPU
		{6A6D0611-3C82-4826-9320-88C10A70992E}.Release|Any CPU.ActiveCfg = Release|Any CPU
		{6A6D0611-3C82-4826-9320-88C10A70992E}.Release|Any CPU.Build.0 = Release|Any CPU
	EndGlobalSection
	GlobalSection(SolutionProperties) = preSolution
		HideSolutionNode = FALSE
	EndGlobalSection
	GlobalSection(ExtensibilityGlobals) = postSolution
		SolutionGuid = {C3FBC126-144F-402A-9C9D-7CC9D957A247}
	EndGlobalSection
EndGlobal
